{
  "name": "mb-update-test",
  "version": "1.0.0",
  "lockfileVersion": 3,
  "requires": true,
  "packages": {
    "": {
      "name": "mb-update-test",
      "version": "1.0.0",
      "license": "ISC",
      "dependencies": {
        "win-drive-util": "^1.0.0"
      }
    },
    "node_modules/win-drive-util": {
      "version": "1.0.0",
      "resolved": "https://registry.npmjs.org/win-drive-util/-/win-drive-util-1.0.0.tgz",
      "integrity": "sha512-q5gyvs/neRyRDLRPxosHdGHIwNlQXMPGCX6dlnSj3Kr5TyvwUug7EarZ8DoiQWlL1lNuYz1XjHs6AGqkXzb8Bw=="
    }
  }
}
